
Microsoft Visual Studio Solution File, Format Version 12.00
# Visual Studio Version 17
VisualStudioVersion = 17.0.31903.59
MinimumVisualStudioVersion = 10.0.40219.1
Project("{2150E333-8FDC-42A3-9474-1A3956D46DE8}") = "src", "src", "{827E0CD3-B72D-47B6-A68D-7590B98EB39B}"
EndProject
Project("{FAE04EC0-301F-11D3-BF4B-00C04F79EFBC}") = "AudioMemesPlatform.Backend.Domain", "src\AudioMemesPlatform.Backend.Domain\AudioMemesPlatform.Backend.Domain.csproj", "{7847DAB5-1E9F-43FA-A0ED-47AC318D5B61}"
EndProject
Project("{FAE04EC0-301F-11D3-BF4B-00C04F79EFBC}") = "AudioMemesPlatform.Backend.Application", "src\AudioMemesPlatform.Backend.Application\AudioMemesPlatform.Backend.Application.csproj", "{87A0DD01-7216-448A-822E-2A29BDC77338}"
EndProject
Project("{FAE04EC0-301F-11D3-BF4B-00C04F79EFBC}") = "AudioMemesPlatform.Backend.Infrastructure", "src\AudioMemesPlatform.Backend.Infrastructure\AudioMemesPlatform.Backend.Infrastructure.csproj", "{ADD1489F-9A35-4311-BC5F-3E40FD9730DB}"
EndProject
Project("{FAE04EC0-301F-11D3-BF4B-00C04F79EFBC}") = "AudioMemesPlatform.Backend.Api", "src\AudioMemesPlatform.Backend.Api\AudioMemesPlatform.Backend.Api.csproj", "{A7AFF7D1-C85E-4004-ACE7-C0011896FA60}"
EndProject
Project("{2150E333-8FDC-42A3-9474-1A3956D46DE8}") = "tests", "tests", "{0AB3BF05-4346-4AA6-1389-037BE0695223}"
EndProject
Project("{FAE04EC0-301F-11D3-BF4B-00C04F79EFBC}") = "AudioMemesPlatform.Backend.Application.UnitTests", "tests\AudioMemesPlatform.Backend.Application.UnitTests\AudioMemesPlatform.Backend.Application.UnitTests.csproj", "{BFAE86D1-9C2D-4384-A94B-D32848604B17}"
EndProject
Project("{FAE04EC0-301F-11D3-BF4B-00C04F79EFBC}") = "AudioMemesPlatform.Backend.Domain.UnitTests", "tests\AudioMemesPlatform.Backend.Domain.UnitTests\AudioMemesPlatform.Backend.Domain.UnitTests.csproj", "{3E2FD3DD-569B-4E42-BD66-C33A9961F19A}"
EndProject
Project("{FAE04EC0-301F-11D3-BF4B-00C04F79EFBC}") = "AudioMemesPlatform.Backend.Infrastructure.UnitTests", "tests\AudioMemesPlatform.Backend.Infrastructure.UnitTests\AudioMemesPlatform.Backend.Infrastructure.UnitTests.csproj", "{8D36CD90-C3F3-4F60-9BA3-A15776D4F4C8}"
EndProject
Global
	GlobalSection(SolutionConfigurationPlatforms) = preSolution
		Debug|Any CPU = Debug|Any CPU
		Debug|x64 = Debug|x64
		Debug|x86 = Debug|x86
		Release|Any CPU = Release|Any CPU
		Release|x64 = Release|x64
		Release|x86 = Release|x86
	EndGlobalSection
	GlobalSection(ProjectConfigurationPlatforms) = postSolution
		{7847DAB5-1E9F-43FA-A0ED-47AC318D5B61}.Debug|Any CPU.ActiveCfg = Debug|Any CPU
		{7847DAB5-1E9F-43FA-A0ED-47AC318D5B61}.Debug|Any CPU.Build.0 = Debug|Any CPU
		{7847DAB5-1E9F-43FA-A0ED-47AC318D5B61}.Debug|x64.ActiveCfg = Debug|Any CPU
		{7847DAB5-1E9F-43FA-A0ED-47AC318D5B61}.Debug|x64.Build.0 = Debug|Any CPU
		{7847DAB5-1E9F-43FA-A0ED-47AC318D5B61}.Debug|x86.ActiveCfg = Debug|Any CPU
		{7847DAB5-1E9F-43FA-A0ED-47AC318D5B61}.Debug|x86.Build.0 = Debug|Any CPU
		{7847DAB5-1E9F-43FA-A0ED-47AC318D5B61}.Release|Any CPU.ActiveCfg = Release|Any CPU
		{7847DAB5-1E9F-43FA-A0ED-47AC318D5B61}.Release|Any CPU.Build.0 = Release|Any CPU
		{7847DAB5-1E9F-43FA-A0ED-47AC318D5B61}.Release|x64.ActiveCfg = Release|Any CPU
		{7847DAB5-1E9F-43FA-A0ED-47AC318D5B61}.Release|x64.Build.0 = Release|Any CPU
		{7847DAB5-1E9F-43FA-A0ED-47AC318D5B61}.Release|x86.ActiveCfg = Release|Any CPU
		{7847DAB5-1E9F-43FA-A0ED-47AC318D5B61}.Release|x86.Build.0 = Release|Any CPU
		{87A0DD01-7216-448A-822E-2A29BDC77338}.Debug|Any CPU.ActiveCfg = Debug|Any CPU
		{87A0DD01-7216-448A-822E-2A29BDC77338}.Debug|Any CPU.Build.0 = Debug|Any CPU
		{87A0DD01-7216-448A-822E-2A29BDC77338}.Debug|x64.ActiveCfg = Debug|Any CPU
		{87A0DD01-7216-448A-822E-2A29BDC77338}.Debug|x64.Build.0 = Debug|Any CPU
		{87A0DD01-7216-448A-822E-2A29BDC77338}.Debug|x86.ActiveCfg = Debug|Any CPU
		{87A0DD01-7216-448A-822E-2A29BDC77338}.Debug|x86.Build.0 = Debug|Any CPU
		{87A0DD01-7216-448A-822E-2A29BDC77338}.Release|Any CPU.ActiveCfg = Release|Any CPU
		{87A0DD01-7216-448A-822E-2A29BDC77338}.Release|Any CPU.Build.0 = Release|Any CPU
		{87A0DD01-7216-448A-822E-2A29BDC77338}.Release|x64.ActiveCfg = Release|Any CPU
		{87A0DD01-7216-448A-822E-2A29BDC77338}.Release|x64.Build.0 = Release|Any CPU
		{87A0DD01-7216-448A-822E-2A29BDC77338}.Release|x86.ActiveCfg = Release|Any CPU
		{87A0DD01-7216-448A-822E-2A29BDC77338}.Release|x86.Build.0 = Release|Any CPU
		{ADD1489F-9A35-4311-BC5F-3E40FD9730DB}.Debug|Any CPU.ActiveCfg = Debug|Any CPU
		{ADD1489F-9A35-4311-BC5F-3E40FD9730DB}.Debug|Any CPU.Build.0 = Debug|Any CPU
		{ADD1489F-9A35-4311-BC5F-3E40FD9730DB}.Debug|x64.ActiveCfg = Debug|Any CPU
		{ADD1489F-9A35-4311-BC5F-3E40FD9730DB}.Debug|x64.Build.0 = Debug|Any CPU
		{ADD1489F-9A35-4311-BC5F-3E40FD9730DB}.Debug|x86.ActiveCfg = Debug|Any CPU
		{ADD1489F-9A35-4311-BC5F-3E40FD9730DB}.Debug|x86.Build.0 = Debug|Any CPU
		{ADD1489F-9A35-4311-BC5F-3E40FD9730DB}.Release|Any CPU.ActiveCfg = Release|Any CPU
		{ADD1489F-9A35-4311-BC5F-3E40FD9730DB}.Release|Any CPU.Build.0 = Release|Any CPU
		{ADD1489F-9A35-4311-BC5F-3E40FD9730DB}.Release|x64.ActiveCfg = Release|Any CPU
		{ADD1489F-9A35-4311-BC5F-3E40FD9730DB}.Release|x64.Build.0 = Release|Any CPU
		{ADD1489F-9A35-4311-BC5F-3E40FD9730DB}.Release|x86.ActiveCfg = Release|Any CPU
		{ADD1489F-9A35-4311-BC5F-3E40FD9730DB}.Release|x86.Build.0 = Release|Any CPU
		{A7AFF7D1-C85E-4004-ACE7-C0011896FA60}.Debug|Any CPU.ActiveCfg = Debug|Any CPU
		{A7AFF7D1-C85E-4004-ACE7-C0011896FA60}.Debug|Any CPU.Build.0 = Debug|Any CPU
		{A7AFF7D1-C85E-4004-ACE7-C0011896FA60}.Debug|x64.ActiveCfg = Debug|Any CPU
		{A7AFF7D1-C85E-4004-ACE7-C0011896FA60}.Debug|x64.Build.0 = Debug|Any CPU
		{A7AFF7D1-C85E-4004-ACE7-C0011896FA60}.Debug|x86.ActiveCfg = Debug|Any CPU
		{A7AFF7D1-C85E-4004-ACE7-C0011896FA60}.Debug|x86.Build.0 = Debug|Any CPU
		{A7AFF7D1-C85E-4004-ACE7-C0011896FA60}.Release|Any CPU.ActiveCfg = Release|Any CPU
		{A7AFF7D1-C85E-4004-ACE7-C0011896FA60}.Release|Any CPU.Build.0 = Release|Any CPU
		{A7AFF7D1-C85E-4004-ACE7-C0011896FA60}.Release|x64.ActiveCfg = Release|Any CPU
		{A7AFF7D1-C85E-4004-ACE7-C0011896FA60}.Release|x64.Build.0 = Release|Any CPU
		{A7AFF7D1-C85E-4004-ACE7-C0011896FA60}.Release|x86.ActiveCfg = Release|Any CPU
		{A7AFF7D1-C85E-4004-ACE7-C0011896FA60}.Release|x86.Build.0 = Release|Any CPU
		{BFAE86D1-9C2D-4384-A94B-D32848604B17}.Debug|Any CPU.ActiveCfg = Debug|Any CPU
		{BFAE86D1-9C2D-4384-A94B-D32848604B17}.Debug|Any CPU.Build.0 = Debug|Any CPU
		{BFAE86D1-9C2D-4384-A94B-D32848604B17}.Debug|x64.ActiveCfg = Debug|Any CPU
		{BFAE86D1-9C2D-4384-A94B-D32848604B17}.Debug|x64.Build.0 = Debug|Any CPU
		{BFAE86D1-9C2D-4384-A94B-D32848604B17}.Debug|x86.ActiveCfg = Debug|Any CPU
		{BFAE86D1-9C2D-4384-A94B-D32848604B17}.Debug|x86.Build.0 = Debug|Any CPU
		{BFAE86D1-9C2D-4384-A94B-D32848604B17}.Release|Any CPU.ActiveCfg = Release|Any CPU
		{BFAE86D1-9C2D-4384-A94B-D32848604B17}.Release|Any CPU.Build.0 = Release|Any CPU
		{BFAE86D1-9C2D-4384-A94B-D32848604B17}.Release|x64.ActiveCfg = Release|Any CPU
		{BFAE86D1-9C2D-4384-A94B-D32848604B17}.Release|x64.Build.0 = Release|Any CPU
		{BFAE86D1-9C2D-4384-A94B-D32848604B17}.Release|x86.ActiveCfg = Release|Any CPU
		{BFAE86D1-9C2D-4384-A94B-D32848604B17}.Release|x86.Build.0 = Release|Any CPU
		{3E2FD3DD-569B-4E42-BD66-C33A9961F19A}.Debug|Any CPU.ActiveCfg = Debug|Any CPU
		{3E2FD3DD-569B-4E42-BD66-C33A9961F19A}.Debug|Any CPU.Build.0 = Debug|Any CPU
		{3E2FD3DD-569B-4E42-BD66-C33A9961F19A}.Debug|x64.ActiveCfg = Debug|Any CPU
		{3E2FD3DD-569B-4E42-BD66-C33A9961F19A}.Debug|x64.Build.0 = Debug|Any CPU
		{3E2FD3DD-569B-4E42-BD66-C33A9961F19A}.Debug|x86.ActiveCfg = Debug|Any CPU
		{3E2FD3DD-569B-4E42-BD66-C33A9961F19A}.Debug|x86.Build.0 = Debug|Any CPU
		{3E2FD3DD-569B-4E42-BD66-C33A9961F19A}.Release|Any CPU.ActiveCfg = Release|Any CPU
		{3E2FD3DD-569B-4E42-BD66-C33A9961F19A}.Release|Any CPU.Build.0 = Release|Any CPU
		{3E2FD3DD-569B-4E42-BD66-C33A9961F19A}.Release|x64.ActiveCfg = Release|Any CPU
		{3E2FD3DD-569B-4E42-BD66-C33A9961F19A}.Release|x64.Build.0 = Release|Any CPU
		{3E2FD3DD-569B-4E42-BD66-C33A9961F19A}.Release|x86.ActiveCfg = Release|Any CPU
		{3E2FD3DD-569B-4E42-BD66-C33A9961F19A}.Release|x86.Build.0 = Release|Any CPU
		{8D36CD90-C3F3-4F60-9BA3-A15776D4F4C8}.Debug|Any CPU.ActiveCfg = Debug|Any CPU
		{8D36CD90-C3F3-4F60-9BA3-A15776D4F4C8}.Debug|Any CPU.Build.0 = Debug|Any CPU
		{8D36CD90-C3F3-4F60-9BA3-A15776D4F4C8}.Debug|x64.ActiveCfg = Debug|Any CPU
		{8D36CD90-C3F3-4F60-9BA3-A15776D4F4C8}.Debug|x64.Build.0 = Debug|Any CPU
		{8D36CD90-C3F3-4F60-9BA3-A15776D4F4C8}.Debug|x86.ActiveCfg = Debug|Any CPU
		{8D36CD90-C3F3-4F60-9BA3-A15776D4F4C8}.Debug|x86.Build.0 = Debug|Any CPU
		{8D36CD90-C3F3-4F60-9BA3-A15776D4F4C8}.Release|Any CPU.ActiveCfg = Release|Any CPU
		{8D36CD90-C3F3-4F60-9BA3-A15776D4F4C8}.Release|Any CPU.Build.0 = Release|Any CPU
		{8D36CD90-C3F3-4F60-9BA3-A15776D4F4C8}.Release|x64.ActiveCfg = Release|Any CPU
		{8D36CD90-C3F3-4F60-9BA3-A15776D4F4C8}.Release|x64.Build.0 = Release|Any CPU
		{8D36CD90-C3F3-4F60-9BA3-A15776D4F4C8}.Release|x86.ActiveCfg = Release|Any CPU
		{8D36CD90-C3F3-4F60-9BA3-A15776D4F4C8}.Release|x86.Build.0 = Release|Any CPU
	EndGlobalSection
	GlobalSection(SolutionProperties) = preSolution
		HideSolutionNode = FALSE
	EndGlobalSection
	GlobalSection(NestedProjects) = preSolution
		{7847DAB5-1E9F-43FA-A0ED-47AC318D5B61} = {827E0CD3-B72D-47B6-A68D-7590B98EB39B}
		{87A0DD01-7216-448A-822E-2A29BDC77338} = {827E0CD3-B72D-47B6-A68D-7590B98EB39B}
		{ADD1489F-9A35-4311-BC5F-3E40FD9730DB} = {827E0CD3-B72D-47B6-A68D-7590B98EB39B}
		{A7AFF7D1-C85E-4004-ACE7-C0011896FA60} = {827E0CD3-B72D-47B6-A68D-7590B98EB39B}
		{BFAE86D1-9C2D-4384-A94B-D32848604B17} = {0AB3BF05-4346-4AA6-1389-037BE0695223}
		{3E2FD3DD-569B-4E42-BD66-C33A9961F19A} = {0AB3BF05-4346-4AA6-1389-037BE0695223}
		{8D36CD90-C3F3-4F60-9BA3-A15776D4F4C8} = {0AB3BF05-4346-4AA6-1389-037BE0695223}
	EndGlobalSection
EndGlobal
